
Microsoft Visual Studio Solution File, Format Version 12.00
# Visual Studio Version 16
VisualStudioVersion = 16.0.29728.190
MinimumVisualStudioVersion = 10.0.40219.1
Project("{FAE04EC0-301F-11D3-BF4B-00C04F79EFBC}") = "NyukuApp.Android", "NyukuApp\NyukuApp.Android\NyukuApp.Android.csproj", "{1A55563A-D141-491E-BF75-49F32894B806}"
EndProject
Project("{FAE04EC0-301F-11D3-BF4B-00C04F79EFBC}") = "NyukuApp", "NyukuApp\NyukuApp\NyukuApp.csproj", "{9520C1F8-26F4-4F14-B1EC-9BDF08AAD0CC}"
EndProject
Global
	GlobalSection(SolutionConfigurationPlatforms) = preSolution
		Debug|Any CPU = Debug|Any CPU
		Release|Any CPU = Release|Any CPU
	EndGlobalSection
	GlobalSection(ProjectConfigurationPlatforms) = postSolution
		{1A55563A-D141-491E-BF75-49F32894B806}.Debug|Any CPU.ActiveCfg = Debug|Any CPU
		{1A55563A-D141-491E-BF75-49F32894B806}.Debug|Any CPU.Build.0 = Debug|Any CPU
		{1A55563A-D141-491E-BF75-49F32894B806}.Debug|Any CPU.Deploy.0 = Debug|Any CPU
		{1A55563A-D141-491E-BF75-49F32894B806}.Release|Any CPU.ActiveCfg = Release|Any CPU
		{1A55563A-D141-491E-BF75-49F32894B806}.Release|Any CPU.Build.0 = Release|Any CPU
		{1A55563A-D141-491E-BF75-49F32894B806}.Release|Any CPU.Deploy.0 = Release|Any CPU
		{9520C1F8-26F4-4F14-B1EC-9BDF08AAD0CC}.Debug|Any CPU.ActiveCfg = Debug|Any CPU
		{9520C1F8-26F4-4F14-B1EC-9BDF08AAD0CC}.Debug|Any CPU.Build.0 = Debug|Any CPU
		{9520C1F8-26F4-4F14-B1EC-9BDF08AAD0CC}.Debug|Any CPU.Deploy.0 = Debug|Any CPU
		{9520C1F8-26F4-4F14-B1EC-9BDF08AAD0CC}.Release|Any CPU.ActiveCfg = Release|Any CPU
		{9520C1F8-26F4-4F14-B1EC-9BDF08AAD0CC}.Release|Any CPU.Build.0 = Release|Any CPU
		{9520C1F8-26F4-4F14-B1EC-9BDF08AAD0CC}.Release|Any CPU.Deploy.0 = Release|Any CPU
	EndGlobalSection
	GlobalSection(SolutionProperties) = preSolution
		HideSolutionNode = FALSE
	EndGlobalSection
	GlobalSection(ExtensibilityGlobals) = postSolution
		SolutionGuid = {BFEFBB2A-A7D2-4F4E-B033-0713D52E0E81}
	EndGlobalSection
EndGlobal
